
Microsoft Visual Studio Solution File, Format Version 12.00
# Visual Studio Version 16
VisualStudioVersion = 16.0.29403.142
MinimumVisualStudioVersion = 10.0.40219.1
Project("{8BC9CEB8-8B4A-11D0-8D11-00A0C91BC942}") = "Purity3D", "Purity3D\Purity3D.vcxproj", "{2D1532B0-922D-4D33-AE82-2378C2142C70}"
EndProject
Global
	GlobalSection(SolutionConfigurationPlatforms) = preSolution
		Debug|x64 = Debug|x64
		Debug|x86 = Debug|x86
		Release|x64 = Release|x64
		Release|x86 = Release|x86
	EndGlobalSection
	GlobalSection(ProjectConfigurationPlatforms) = postSolution
		{2D1532B0-922D-4D33-AE82-2378C2142C70}.Debug|x64.ActiveCfg = Debug|x64
		{2D1532B0-922D-4D33-AE82-2378C2142C70}.Debug|x64.Build.0 = Debug|x64
		{2D1532B0-922D-4D33-AE82-2378C2142C70}.Debug|x86.ActiveCfg = Debug|Win32
		{2D1532B0-922D-4D33-AE82-2378C2142C70}.Debug|x86.Build.0 = Debug|Win32
		{2D1532B0-922D-4D33-AE82-2378C2142C70}.Release|x64.ActiveCfg = Release|x64
		{2D1532B0-922D-4D33-AE82-2378C2142C70}.Release|x64.Build.0 = Release|x64
		{2D1532B0-922D-4D33-AE82-2378C2142C70}.Release|x86.ActiveCfg = Release|Win32
		{2D1532B0-922D-4D33-AE82-2378C2142C70}.Release|x86.Build.0 = Release|Win32
	EndGlobalSection
	GlobalSection(SolutionProperties) = preSolution
		HideSolutionNode = FALSE
	EndGlobalSection
	GlobalSection(ExtensibilityGlobals) = postSolution
		SolutionGuid = {0D1340E2-BEFC-4772-97DC-F51087F7A1C3}
	EndGlobalSection
EndGlobal
